// !$*UTF8*$!
{
	archiveVersion = 1;
	classes = {
	};
	objectVersion = 46;
	objects = {

/* Begin PBXBuildFile section */
		7514C0CC14654F0700FEF1E6 /* UIKit.framework in Frameworks */ = {isa = PBXBuildFile; fileRef = 7514C0CB14654F0700FEF1E6 /* UIKit.framework */; };
		7514C0CE14654F0700FEF1E6 /* Foundation.framework in Frameworks */ = {isa = PBXBuildFile; fileRef = 7514C0CD14654F0700FEF1E6 /* Foundation.framework */; };
		7514C0D014654F0700FEF1E6 /* CoreGraphics.framework in Frameworks */ = {isa = PBXBuildFile; fileRef = 7514C0CF14654F0700FEF1E6 /* CoreGraphics.framework */; };
		7514C0D614654F0700FEF1E6 /* InfoPlist.strings in Resources */ = {isa = PBXBuildFile; fileRef = 7514C0D414654F0700FEF1E6 /* InfoPlist.strings */; };
		7514C0D814654F0700FEF1E6 /* main.m in Sources */ = {isa = PBXBuildFile; fileRef = 7514C0D714654F0700FEF1E6 /* main.m */; };
		7514C0DC14654F0700FEF1E6 /* AppDelegate.m in Sources */ = {isa = PBXBuildFile; fileRef = 7514C0DB14654F0700FEF1E6 /* AppDelegate.m */; };
		7514C0DF14654F0700FEF1E6 /* ViewController.m in Sources */ = {isa = PBXBuildFile; fileRef = 7514C0DE14654F0700FEF1E6 /* ViewController.m */; };
		7514C0E214654F0700FEF1E6 /* ViewController.xib in Resources */ = {isa = PBXBuildFile; fileRef = 7514C0E014654F0700FEF1E6 /* ViewController.xib */; };
/* End PBXBuildFile section */

/* Begin PBXFileReference section */
		7514C0C714654F0700FEF1E6 /* SESpringBoardDemo.app */ = {isa = PBXFileReference; explicitFileType = wrapper.application; includeInIndex = 0; path = SESpringBoardDemo.app; sourceTree = BUILT_PRODUCTS_DIR; };
		7514C0CB14654F0700FEF1E6 /* UIKit.framework */ = {isa = PBXFileReference; lastKnownFileType = wrapper.framework; name = UIKit.framework; path = System/Library/Frameworks/UIKit.framework; sourceTree = SDKROOT; };
		7514C0CD14654F0700FEF1E6 /* Foundation.framework */ = {isa = PBXFileReference; lastKnownFileType = wrapper.framework; name = Foundation.framework; path = System/Library/Frameworks/Foundation.framework; sourceTree = SDKROOT; };
		7514C0CF14654F0700FEF1E6 /* CoreGraphics.framework */ = {isa = PBXFileReference; lastKnownFileType = wrapper.framework; name = CoreGraphics.framework; path = System/Library/Frameworks/CoreGraphics.framework; sourceTree = SDKROOT; };
		7514C0D314654F0700FEF1E6 /* SESpringBoardDemo-Info.plist */ = {isa = PBXFileReference; path = "SESpringBoardDemo-Info.plist"; sourceTree = "<group>"; };
		7514C0D514654F0700FEF1E6 /* en */ = {isa = PBXFileReference; lastKnownFileType = text.plist.strings; name = en; path = en.lproj/InfoPlist.strings; sourceTree = "<group>"; };
		7514C0D714654F0700FEF1E6 /* main.m */ = {isa = PBXFileReference; lastKnownFileType = sourcecode.c.objc; path = main.m; sourceTree = "<group>"; };
		7514C0D914654F0700FEF1E6 /* SESpringBoardDemo-Prefix.pch */ = {isa = PBXFileReference; path = "SESpringBoardDemo-Prefix.pch"; sourceTree = "<group>"; };
		7514C0DA14654F0700FEF1E6 /* AppDelegate.h */ = {isa = PBXFileReference; path = AppDelegate.h; sourceTree = "<group>"; };
		7514C0DB14654F0700FEF1E6 /* AppDelegate.m */ = {isa = PBXFileReference; lastKnownFileType = sourcecode.c.objc; path = AppDelegate.m; sourceTree = "<group>"; };
		7514C0DD14654F0700FEF1E6 /* ViewController.h */ = {isa = PBXFileReference; path = ViewController.h; sourceTree = "<group>"; };
		7514C0DE14654F0700FEF1E6 /* ViewController.m */ = {isa = PBXFileReference; lastKnownFileType = sourcecode.c.objc; path = ViewController.m; sourceTree = "<group>"; };
		7514C0E114654F0700FEF1E6 /* en */ = {isa = PBXFileReference; lastKnownFileType = file.xib; name = en; path = en.lproj/ViewController.xib; sourceTree = "<group>"; };
/* End PBXFileReference section */

/* Begin PBXFrameworksBuildPhase section */
		7514C0C414654F0700FEF1E6 /* Frameworks */ = {
			isa = PBXFrameworksBuildPhase;
			buildActionMask = 2147483647;
			files = (
				7514C0CC14654F0700FEF1E6 /* UIKit.framework in Frameworks */,
				7514C0CE14654F0700FEF1E6 /* Foundation.framework in Frameworks */,
				7514C0D014654F0700FEF1E6 /* CoreGraphics.framework in Frameworks */,
			);
			runOnlyForDeploymentPostprocessing = 0;
		};
/* End PBXFrameworksBuildPhase section */

/* Begin PBXGroup section */
		7514C0BC14654F0700FEF1E6 = {
			isa = PBXGroup;
			children = (
				7514C0D114654F0700FEF1E6 /* SESpringBoardDemo */,
				7514C0CA14654F0700FEF1E6 /* Frameworks */,
				7514C0C814654F0700FEF1E6 /* Products */,
			);
			sourceTree = "<group>";
		};
		7514C0C814654F0700FEF1E6 /* Products */ = {
			isa = PBXGroup;
			children = (
				7514C0C714654F0700FEF1E6 /* SESpringBoardDemo.app */,
			);
			name = Products;
			sourceTree = "<group>";
		};
		7514C0CA14654F0700FEF1E6 /* Frameworks */ = {
			isa = PBXGroup;
			children = (
				7514C0CB14654F0700FEF1E6 /* UIKit.framework */,
				7514C0CD14654F0700FEF1E6 /* Foundation.framework */,
				7514C0CF14654F0700FEF1E6 /* CoreGraphics.framework */,
			);
			name = Frameworks;
			sourceTree = "<group>";
		};
		7514C0D114654F0700FEF1E6 /* SESpringBoardDemo */ = {
			isa = PBXGroup;
			children = (
				7514C0DA14654F0700FEF1E6 /* AppDelegate.h */,
				7514C0DB14654F0700FEF1E6 /* AppDelegate.m */,
				7514C0DD14654F0700FEF1E6 /* ViewController.h */,
				7514C0DE14654F0700FEF1E6 /* ViewController.m */,
				7514C0E014654F0700FEF1E6 /* ViewController.xib */,
				7514C0D214654F0700FEF1E6 /* Supporting Files */,
			);
			path = SESpringBoardDemo;
			sourceTree = "<group>";
		};
		7514C0D214654F0700FEF1E6 /* Supporting Files */ = {
			isa = PBXGroup;
			children = (
				7514C0D314654F0700FEF1E6 /* SESpringBoardDemo-Info.plist */,
				7514C0D414654F0700FEF1E6 /* InfoPlist.strings */,
				7514C0D714654F0700FEF1E6 /* main.m */,
				7514C0D914654F0700FEF1E6 /* SESpringBoardDemo-Prefix.pch */,
			);
			name = "Supporting Files";
			sourceTree = "<group>";
		};
/* End PBXGroup section */

/* Begin PBXNativeTarget section */
		7514C0C614654F0700FEF1E6 /* SESpringBoardDemo */ = {
			isa = PBXNativeTarget;
			buildConfigurationList = 7514C0E514654F0700FEF1E6 /* Build configuration list for PBXNativeTarget "SESpringBoardDemo" */;
			buildPhases = (
				7514C0C314654F0700FEF1E6 /* Sources */,
				7514C0C414654F0700FEF1E6 /* Frameworks */,
				7514C0C514654F0700FEF1E6 /* Resources */,
			);
			buildRules = (
			);
			dependencies = (
			);
			name = SESpringBoardDemo;
			productName = SESpringBoardDemo;
			productReference = 7514C0C714654F0700FEF1E6 /* SESpringBoardDemo.app */;
			productType = "com.apple.product-type.application";
		};
/* End PBXNativeTarget section */

/* Begin PBXProject section */
		7514C0BE14654F0700FEF1E6 /* Project object */ = {
			isa = PBXProject;
			attributes = {
				LastUpgradeCheck = 0420;
			};
			buildConfigurationList = 7514C0C114654F0700FEF1E6 /* Build configuration list for PBXProject "SESpringBoardDemo" */;
			compatibilityVersion = "Xcode 3.2";
			developmentRegion = English;
			hasScannedForEncodings = 0;
			knownRegions = (
				en,
			);
			mainGroup = 7514C0BC14654F0700FEF1E6;
			productRefGroup = 7514C0C814654F0700FEF1E6 /* Products */;
			projectDirPath = "";
			projectRoot = "";
			targets = (
				7514C0C614654F0700FEF1E6 /* SESpringBoardDemo */,
			);
		};
/* End PBXProject section */

/* Begin PBXResourcesBuildPhase section */
		7514C0C514654F0700FEF1E6 /* Resources */ = {
			isa = PBXResourcesBuildPhase;
			buildActionMask = 2147483647;
			files = (
				7514C0D614654F0700FEF1E6 /* InfoPlist.strings in Resources */,
				7514C0E214654F0700FEF1E6 /* ViewController.xib in Resources */,
			);
			runOnlyForDeploymentPostprocessing = 0;
		};
/* End PBXResourcesBuildPhase section */

/* Begin PBXSourcesBuildPhase section */
		7514C0C314654F0700FEF1E6 /* Sources */ = {
			isa = PBXSourcesBuildPhase;
			buildActionMask = 2147483647;
			files = (
				7514C0D814654F0700FEF1E6 /* main.m in Sources */,
				7514C0DC14654F0700FEF1E6 /* AppDelegate.m in Sources */,
				7514C0DF14654F0700FEF1E6 /* ViewController.m in Sources */,
			);
			runOnlyForDeploymentPostprocessing = 0;
		};
/* End PBXSourcesBuildPhase section */

/* Begin PBXVariantGroup section */
		7514C0D414654F0700FEF1E6 /* InfoPlist.strings */ = {
			isa = PBXVariantGroup;
			children = (
				7514C0D514654F0700FEF1E6 /* en */,
			);
			name = InfoPlist.strings;
			sourceTree = "<group>";
		};
		7514C0E014654F0700FEF1E6 /* ViewController.xib */ = {
			isa = PBXVariantGroup;
			children = (
				7514C0E114654F0700FEF1E6 /* en */,
			);
			name = ViewController.xib;
			sourceTree = "<group>";
		};
/* End PBXVariantGroup section */

/* Begin XCBuildConfiguration section */
		7514C0E314654F0700FEF1E6 /* Debug */ = {
			isa = XCBuildConfiguration;
			buildSettings = {
				ALWAYS_SEARCH_USER_PATHS = NO;
				ARCHS = "$(ARCHS_STANDARD_32_BIT)";
				"CODE_SIGN_IDENTITY[sdk=iphoneos*]" = "iPhone Developer";
				COPY_PHASE_STRIP = NO;
				GCC_C_LANGUAGE_STANDARD = gnu99;
				GCC_DYNAMIC_NO_PIC = NO;
				GCC_OPTIMIZATION_LEVEL = 0;
				GCC_PREPROCESSOR_DEFINITIONS = (
					"DEBUG=1",
					"$(inherited)",
				);
				GCC_SYMBOLS_PRIVATE_EXTERN = NO;
				GCC_VERSION = com.apple.compilers.llvm.clang.1_0;
				GCC_WARN_ABOUT_MISSING_PROTOTYPES = YES;
				GCC_WARN_ABOUT_RETURN_TYPE = YES;
				GCC_WARN_UNUSED_VARIABLE = YES;
				IPHONEOS_DEPLOYMENT_TARGET = 5.0;
				SDKROOT = iphoneos;
			};
			name = Debug;
		};
		7514C0E414654F0700FEF1E6 /* Release */ = {
			isa = XCBuildConfiguration;
			buildSettings = {
				ALWAYS_SEARCH_USER_PATHS = NO;
				ARCHS = "$(ARCHS_STANDARD_32_BIT)";
				"CODE_SIGN_IDENTITY[sdk=iphoneos*]" = "iPhone Developer";
				COPY_PHASE_STRIP = YES;
				GCC_C_LANGUAGE_STANDARD = gnu99;
				GCC_VERSION = com.apple.compilers.llvm.clang.1_0;
				GCC_WARN_ABOUT_MISSING_PROTOTYPES = YES;
				GCC_WARN_ABOUT_RETURN_TYPE = YES;
				GCC_WARN_UNUSED_VARIABLE = YES;
				IPHONEOS_DEPLOYMENT_TARGET = 5.0;
				OTHER_CFLAGS = "-DNS_BLOCK_ASSERTIONS=1";
				SDKROOT = iphoneos;
				VALIDATE_PRODUCT = YES;
			};
			name = Release;
		};
		7514C0E614654F0700FEF1E6 /* Debug */ = {
			isa = XCBuildConfiguration;
			buildSettings = {
				GCC_PRECOMPILE_PREFIX_HEADER = YES;
				GCC_PREFIX_HEADER = "SESpringBoardDemo/SESpringBoardDemo-Prefix.pch";
				INFOPLIST_FILE = "SESpringBoardDemo/SESpringBoardDemo-Info.plist";
				PRODUCT_NAME = "$(TARGET_NAME)";
				WRAPPER_EXTENSION = app;
			};
			name = Debug;
		};
		7514C0E714654F0700FEF1E6 /* Release */ = {
			isa = XCBuildConfiguration;
			buildSettings = {
				GCC_PRECOMPILE_PREFIX_HEADER = YES;
				GCC_PREFIX_HEADER = "SESpringBoardDemo/SESpringBoardDemo-Prefix.pch";
				INFOPLIST_FILE = "SESpringBoardDemo/SESpringBoardDemo-Info.plist";
				PRODUCT_NAME = "$(TARGET_NAME)";
				WRAPPER_EXTENSION = app;
			};
			name = Release;
		};
/* End XCBuildConfiguration section */

/* Begin XCConfigurationList section */
		7514C0C114654F0700FEF1E6 /* Build configuration list for PBXProject "SESpringBoardDemo" */ = {
			isa = XCConfigurationList;
			buildConfigurations = (
				7514C0E314654F0700FEF1E6 /* Debug */,
				7514C0E414654F0700FEF1E6 /* Release */,
			);
			defaultConfigurationIsVisible = 0;
			defaultConfigurationName = Release;
		};
		7514C0E514654F0700FEF1E6 /* Build configuration list for PBXNativeTarget "SESpringBoardDemo" */ = {
			isa = XCConfigurationList;
			buildConfigurations = (
				7514C0E614654F0700FEF1E6 /* Debug */,
				7514C0E714654F0700FEF1E6 /* Release */,
			);
			defaultConfigurationIsVisible = 0;
		};
/* End XCConfigurationList section */
	};
	rootObject = 7514C0BE14654F0700FEF1E6 /* Project object */;
}
